
Microsoft Visual Studio Solution File, Format Version 12.00
# Visual Studio Version 16
VisualStudioVersion = 16.0.31729.503
MinimumVisualStudioVersion = 10.0.40219.1
Project("{FAE04EC0-301F-11D3-BF4B-00C04F79EFBC}") = "viewer", "viewer\viewer.csproj", "{C47C16CE-4BFB-4F22-8AED-2EF7977AE258}"
EndProject
Global
	GlobalSection(SolutionConfigurationPlatforms) = preSolution
		Debug|Any CPU = Debug|Any CPU
		Release|Any CPU = Release|Any CPU
	EndGlobalSection
	GlobalSection(ProjectConfigurationPlatforms) = postSolution
		{C47C16CE-4BFB-4F22-8AED-2EF7977AE258}.Debug|Any CPU.ActiveCfg = Debug|Any CPU
		{C47C16CE-4BFB-4F22-8AED-2EF7977AE258}.Debug|Any CPU.Build.0 = Debug|Any CPU
		{C47C16CE-4BFB-4F22-8AED-2EF7977AE258}.Release|Any CPU.ActiveCfg = Release|Any CPU
		{C47C16CE-4BFB-4F22-8AED-2EF7977AE258}.Release|Any CPU.Build.0 = Release|Any CPU
	EndGlobalSection
	GlobalSection(SolutionProperties) = preSolution
		HideSolutionNode = FALSE
	EndGlobalSection
	GlobalSection(ExtensibilityGlobals) = postSolution
		SolutionGuid = {E2F408F1-A702-4DC5-A4B2-73BA30F3740C}
	EndGlobalSection
EndGlobal
